
Microsoft Visual Studio Solution File, Format Version 12.00
# Visual Studio Version 17
VisualStudioVersion = 17.7.34018.315
MinimumVisualStudioVersion = 10.0.40219.1
Project("{FAE04EC0-301F-11D3-BF4B-00C04F79EFBC}") = "MagicVilla_VillaAPI", "MagicVilla_VillaAPI\MagicVilla_VillaAPI.csproj", "{0667F34B-7E2A-48DF-B775-C86A7D2CFF9C}"
EndProject
Global
	GlobalSection(SolutionConfigurationPlatforms) = preSolution
		Debug|Any CPU = Debug|Any CPU
		Release|Any CPU = Release|Any CPU
	EndGlobalSection
	GlobalSection(ProjectConfigurationPlatforms) = postSolution
		{0667F34B-7E2A-48DF-B775-C86A7D2CFF9C}.Debug|Any CPU.ActiveCfg = Debug|Any CPU
		{0667F34B-7E2A-48DF-B775-C86A7D2CFF9C}.Debug|Any CPU.Build.0 = Debug|Any CPU
		{0667F34B-7E2A-48DF-B775-C86A7D2CFF9C}.Release|Any CPU.ActiveCfg = Release|Any CPU
		{0667F34B-7E2A-48DF-B775-C86A7D2CFF9C}.Release|Any CPU.Build.0 = Release|Any CPU
	EndGlobalSection
	GlobalSection(SolutionProperties) = preSolution
		HideSolutionNode = FALSE
	EndGlobalSection
	GlobalSection(ExtensibilityGlobals) = postSolution
		SolutionGuid = {3109DE14-5750-49C8-BE3D-1352B958FD55}
	EndGlobalSection
EndGlobal
